
Microsoft Visual Studio Solution File, Format Version 12.00
Project("{2150E333-8FDC-42A3-9474-1A3956D46DE8}") = "src", "src", "{3605AEE0-C3B6-4F9D-A224-8DA548148F53}"
EndProject
Project("{2150E333-8FDC-42A3-9474-1A3956D46DE8}") = "tests", "tests", "{DC750803-1481-4C9E-A49A-3F9CABF825FA}"
EndProject
Project("{FAE04EC0-301F-11D3-BF4B-00C04F79EFBC}") = "Application", "Application\Application.csproj", "{2E8C13D8-3E30-43D9-8A93-97722EBDE462}"
EndProject
Project("{FAE04EC0-301F-11D3-BF4B-00C04F79EFBC}") = "Domain", "Domain\Domain.csproj", "{0E219819-EC47-4DFB-AC54-46434CC61F86}"
EndProject
Project("{FAE04EC0-301F-11D3-BF4B-00C04F79EFBC}") = "Infrastructure", "Infrastructure\Infrastructure.csproj", "{DE795D4F-6B70-483C-AB0B-88AEFCF99B07}"
EndProject
Project("{FAE04EC0-301F-11D3-BF4B-00C04F79EFBC}") = "Application.UnitTests", "Application.UnitTests\Application.UnitTests.csproj", "{0361C329-A9AE-4CA4-AFF6-C659D6B5301B}"
EndProject
Project("{FAE04EC0-301F-11D3-BF4B-00C04F79EFBC}") = "Domain.UnitTests", "Domain.UnitTests\Domain.UnitTests.csproj", "{CB6C47F9-D888-4E25-971F-BCEB1DEC516C}"
EndProject
Project("{FAE04EC0-301F-11D3-BF4B-00C04F79EFBC}") = "Application.IntegrationTests", "Application.IntegrationTests\Application.IntegrationTests.csproj", "{7EC1B80C-E122-4415-A714-0BF52E149643}"
EndProject
Global
	GlobalSection(SolutionConfigurationPlatforms) = preSolution
		Debug|Any CPU = Debug|Any CPU
		Release|Any CPU = Release|Any CPU
	EndGlobalSection
	GlobalSection(ProjectConfigurationPlatforms) = postSolution
		{2E8C13D8-3E30-43D9-8A93-97722EBDE462}.Debug|Any CPU.ActiveCfg = Debug|Any CPU
		{2E8C13D8-3E30-43D9-8A93-97722EBDE462}.Debug|Any CPU.Build.0 = Debug|Any CPU
		{2E8C13D8-3E30-43D9-8A93-97722EBDE462}.Release|Any CPU.ActiveCfg = Release|Any CPU
		{2E8C13D8-3E30-43D9-8A93-97722EBDE462}.Release|Any CPU.Build.0 = Release|Any CPU
		{0E219819-EC47-4DFB-AC54-46434CC61F86}.Debug|Any CPU.ActiveCfg = Debug|Any CPU
		{0E219819-EC47-4DFB-AC54-46434CC61F86}.Debug|Any CPU.Build.0 = Debug|Any CPU
		{0E219819-EC47-4DFB-AC54-46434CC61F86}.Release|Any CPU.ActiveCfg = Release|Any CPU
		{0E219819-EC47-4DFB-AC54-46434CC61F86}.Release|Any CPU.Build.0 = Release|Any CPU
		{DE795D4F-6B70-483C-AB0B-88AEFCF99B07}.Debug|Any CPU.ActiveCfg = Debug|Any CPU
		{DE795D4F-6B70-483C-AB0B-88AEFCF99B07}.Debug|Any CPU.Build.0 = Debug|Any CPU
		{DE795D4F-6B70-483C-AB0B-88AEFCF99B07}.Release|Any CPU.ActiveCfg = Release|Any CPU
		{DE795D4F-6B70-483C-AB0B-88AEFCF99B07}.Release|Any CPU.Build.0 = Release|Any CPU
		{0361C329-A9AE-4CA4-AFF6-C659D6B5301B}.Debug|Any CPU.ActiveCfg = Debug|Any CPU
		{0361C329-A9AE-4CA4-AFF6-C659D6B5301B}.Debug|Any CPU.Build.0 = Debug|Any CPU
		{0361C329-A9AE-4CA4-AFF6-C659D6B5301B}.Release|Any CPU.ActiveCfg = Release|Any CPU
		{0361C329-A9AE-4CA4-AFF6-C659D6B5301B}.Release|Any CPU.Build.0 = Release|Any CPU
		{CB6C47F9-D888-4E25-971F-BCEB1DEC516C}.Debug|Any CPU.ActiveCfg = Debug|Any CPU
		{CB6C47F9-D888-4E25-971F-BCEB1DEC516C}.Debug|Any CPU.Build.0 = Debug|Any CPU
		{CB6C47F9-D888-4E25-971F-BCEB1DEC516C}.Release|Any CPU.ActiveCfg = Release|Any CPU
		{CB6C47F9-D888-4E25-971F-BCEB1DEC516C}.Release|Any CPU.Build.0 = Release|Any CPU
		{7EC1B80C-E122-4415-A714-0BF52E149643}.Debug|Any CPU.ActiveCfg = Debug|Any CPU
		{7EC1B80C-E122-4415-A714-0BF52E149643}.Debug|Any CPU.Build.0 = Debug|Any CPU
		{7EC1B80C-E122-4415-A714-0BF52E149643}.Release|Any CPU.ActiveCfg = Release|Any CPU
		{7EC1B80C-E122-4415-A714-0BF52E149643}.Release|Any CPU.Build.0 = Release|Any CPU
	EndGlobalSection
	GlobalSection(NestedProjects) = preSolution
		{2E8C13D8-3E30-43D9-8A93-97722EBDE462} = {3605AEE0-C3B6-4F9D-A224-8DA548148F53}
		{0E219819-EC47-4DFB-AC54-46434CC61F86} = {3605AEE0-C3B6-4F9D-A224-8DA548148F53}
		{DE795D4F-6B70-483C-AB0B-88AEFCF99B07} = {3605AEE0-C3B6-4F9D-A224-8DA548148F53}
		{0361C329-A9AE-4CA4-AFF6-C659D6B5301B} = {DC750803-1481-4C9E-A49A-3F9CABF825FA}
		{CB6C47F9-D888-4E25-971F-BCEB1DEC516C} = {DC750803-1481-4C9E-A49A-3F9CABF825FA}
		{7EC1B80C-E122-4415-A714-0BF52E149643} = {DC750803-1481-4C9E-A49A-3F9CABF825FA}
	EndGlobalSection
EndGlobal
